github.com/gen2brain/raylib-go/raylib v0.0.0-20230719211022-1083eace2049 h1:fJeDPYJDyT+KeWKsIMbRlNcSgsQ2nZ4bJLwBraVA/xU=
github.com/gen2brain/raylib-go/raylib v0.0.0-20230719211022-1083eace2049/go.mod h1:AwtGA3aTtYdezNxEVbfchaLw/z+CuRDh2Mlxy0FbBro=
github.com/jakecoffman/cp v1.2.1 h1:zkhc2Gpo9l4NLUZfeG3j33+3bQD7MkqPa+n5PdX+5mI=
github.com/jakecoffman/cp v1.2.1/go.mod h1:JjY/Fp6d8E1CHnu74gWNnU0+b9VzEdUVPoJxg2PsTQg=
